
Microsoft Visual Studio Solution File, Format Version 12.00
# Visual Studio 15
VisualStudioVersion = 15.0.28010.2048
MinimumVisualStudioVersion = 10.0.40219.1
Project("{FAE04EC0-301F-11D3-BF4B-00C04F79EFBC}") = "ProjectWork", "ProjectWork\ProjectWork.csproj", "{0CC948AB-B322-4A29-8625-7502421CCC44}"
EndProject
Global
	GlobalSection(SolutionConfigurationPlatforms) = preSolution
		Debug|Any CPU = Debug|Any CPU
		Release|Any CPU = Release|Any CPU
	EndGlobalSection
	GlobalSection(ProjectConfigurationPlatforms) = postSolution
		{0CC948AB-B322-4A29-8625-7502421CCC44}.Debug|Any CPU.ActiveCfg = Debug|Any CPU
		{0CC948AB-B322-4A29-8625-7502421CCC44}.Debug|Any CPU.Build.0 = Debug|Any CPU
		{0CC948AB-B322-4A29-8625-7502421CCC44}.Release|Any CPU.ActiveCfg = Release|Any CPU
		{0CC948AB-B322-4A29-8625-7502421CCC44}.Release|Any CPU.Build.0 = Release|Any CPU
	EndGlobalSection
	GlobalSection(SolutionProperties) = preSolution
		HideSolutionNode = FALSE
	EndGlobalSection
	GlobalSection(ExtensibilityGlobals) = postSolution
		SolutionGuid = {F1E08F18-850F-4E36-B394-33AEB54D4AAA}
	EndGlobalSection
EndGlobal
